
Microsoft Visual Studio Solution File, Format Version 12.00
# Visual Studio Version 16
VisualStudioVersion = 16.0.30114.105
MinimumVisualStudioVersion = 10.0.40219.1
Project("{FAE04EC0-301F-11D3-BF4B-00C04F79EFBC}") = "Detekonai.Networking.NetworkBus", "Detekonai.Networking.NetworkBus\Detekonai.Networking.NetworkBus.csproj", "{CA11A56D-345F-40B1-B135-1A43D1E5CDEE}"
EndProject
Project("{FAE04EC0-301F-11D3-BF4B-00C04F79EFBC}") = "Detekonai.Networking.NetworkBus.Tests", "Detekonai.Networking.NetworkBus.Tests\Detekonai.Networking.NetworkBus.Tests.csproj", "{4EE871DD-BFD4-4944-9DC1-A71BC978348F}"
EndProject
Global
	GlobalSection(SolutionConfigurationPlatforms) = preSolution
		Debug|Any CPU = Debug|Any CPU
		Debug|x64 = Debug|x64
		Debug|x86 = Debug|x86
		Release|Any CPU = Release|Any CPU
		Release|x64 = Release|x64
		Release|x86 = Release|x86
	EndGlobalSection
	GlobalSection(ProjectConfigurationPlatforms) = postSolution
		{CA11A56D-345F-40B1-B135-1A43D1E5CDEE}.Debug|Any CPU.ActiveCfg = Debug|Any CPU
		{CA11A56D-345F-40B1-B135-1A43D1E5CDEE}.Debug|Any CPU.Build.0 = Debug|Any CPU
		{CA11A56D-345F-40B1-B135-1A43D1E5CDEE}.Debug|x64.ActiveCfg = Debug|Any CPU
		{CA11A56D-345F-40B1-B135-1A43D1E5CDEE}.Debug|x64.Build.0 = Debug|Any CPU
		{CA11A56D-345F-40B1-B135-1A43D1E5CDEE}.Debug|x86.ActiveCfg = Debug|Any CPU
		{CA11A56D-345F-40B1-B135-1A43D1E5CDEE}.Debug|x86.Build.0 = Debug|Any CPU
		{CA11A56D-345F-40B1-B135-1A43D1E5CDEE}.Release|Any CPU.ActiveCfg = Release|Any CPU
		{CA11A56D-345F-40B1-B135-1A43D1E5CDEE}.Release|Any CPU.Build.0 = Release|Any CPU
		{CA11A56D-345F-40B1-B135-1A43D1E5CDEE}.Release|x64.ActiveCfg = Release|Any CPU
		{CA11A56D-345F-40B1-B135-1A43D1E5CDEE}.Release|x64.Build.0 = Release|Any CPU
		{CA11A56D-345F-40B1-B135-1A43D1E5CDEE}.Release|x86.ActiveCfg = Release|Any CPU
		{CA11A56D-345F-40B1-B135-1A43D1E5CDEE}.Release|x86.Build.0 = Release|Any CPU
		{4EE871DD-BFD4-4944-9DC1-A71BC978348F}.Debug|Any CPU.ActiveCfg = Debug|Any CPU
		{4EE871DD-BFD4-4944-9DC1-A71BC978348F}.Debug|Any CPU.Build.0 = Debug|Any CPU
		{4EE871DD-BFD4-4944-9DC1-A71BC978348F}.Debug|x64.ActiveCfg = Debug|Any CPU
		{4EE871DD-BFD4-4944-9DC1-A71BC978348F}.Debug|x64.Build.0 = Debug|Any CPU
		{4EE871DD-BFD4-4944-9DC1-A71BC978348F}.Debug|x86.ActiveCfg = Debug|Any CPU
		{4EE871DD-BFD4-4944-9DC1-A71BC978348F}.Debug|x86.Build.0 = Debug|Any CPU
		{4EE871DD-BFD4-4944-9DC1-A71BC978348F}.Release|Any CPU.ActiveCfg = Release|Any CPU
		{4EE871DD-BFD4-4944-9DC1-A71BC978348F}.Release|Any CPU.Build.0 = Release|Any CPU
		{4EE871DD-BFD4-4944-9DC1-A71BC978348F}.Release|x64.ActiveCfg = Release|Any CPU
		{4EE871DD-BFD4-4944-9DC1-A71BC978348F}.Release|x64.Build.0 = Release|Any CPU
		{4EE871DD-BFD4-4944-9DC1-A71BC978348F}.Release|x86.ActiveCfg = Release|Any CPU
		{4EE871DD-BFD4-4944-9DC1-A71BC978348F}.Release|x86.Build.0 = Release|Any CPU
	EndGlobalSection
	GlobalSection(SolutionProperties) = preSolution
		HideSolutionNode = FALSE
	EndGlobalSection
	GlobalSection(ExtensibilityGlobals) = postSolution
		SolutionGuid = {7738CDB1-16A2-47F9-85BD-5A2AE8728D8A}
	EndGlobalSection
EndGlobal
